
Microsoft Visual Studio Solution File, Format Version 12.00
# Visual Studio Version 17
VisualStudioVersion = 17.8.34408.163
MinimumVisualStudioVersion = 10.0.40219.1
Project("{9A19103F-16F7-4668-BE54-9A1E7A4F7556}") = "AgarioModels", "AgarioModels\AgarioModels.csproj", "{040EC4C9-DD79-4955-BF2A-74C3D47A4C97}"
EndProject
Project("{9A19103F-16F7-4668-BE54-9A1E7A4F7556}") = "ClientGUI", "ClientGUI\ClientGUI.csproj", "{11B6EA6A-8594-49B6-8E0D-D2F18FC00715}"
EndProject
Project("{9A19103F-16F7-4668-BE54-9A1E7A4F7556}") = "Communications", "Communications\Communications.csproj", "{BFCE8257-9A07-4C82-AD80-8D0C9FDF5FD7}"
EndProject
Project("{2150E333-8FDC-42A3-9474-1A3956D46DE8}") = "libs", "libs", "{8526B54A-DEF1-4DD6-81BA-1613ADB84555}"
	ProjectSection(SolutionItems) = preProject
		..\..\..\..\..\Downloads\Communications.dll = ..\..\..\..\..\Downloads\Communications.dll
	EndProjectSection
EndProject
Project("{9A19103F-16F7-4668-BE54-9A1E7A4F7556}") = "Logger", "Logger\Logger.csproj", "{9C176281-249D-4AA7-8EB0-A769BFE73BBB}"
EndProject
Global
	GlobalSection(SolutionConfigurationPlatforms) = preSolution
		Debug|Any CPU = Debug|Any CPU
		Release|Any CPU = Release|Any CPU
	EndGlobalSection
	GlobalSection(ProjectConfigurationPlatforms) = postSolution
		{040EC4C9-DD79-4955-BF2A-74C3D47A4C97}.Debug|Any CPU.ActiveCfg = Debug|Any CPU
		{040EC4C9-DD79-4955-BF2A-74C3D47A4C97}.Debug|Any CPU.Build.0 = Debug|Any CPU
		{040EC4C9-DD79-4955-BF2A-74C3D47A4C97}.Release|Any CPU.ActiveCfg = Release|Any CPU
		{040EC4C9-DD79-4955-BF2A-74C3D47A4C97}.Release|Any CPU.Build.0 = Release|Any CPU
		{11B6EA6A-8594-49B6-8E0D-D2F18FC00715}.Debug|Any CPU.ActiveCfg = Debug|Any CPU
		{11B6EA6A-8594-49B6-8E0D-D2F18FC00715}.Debug|Any CPU.Build.0 = Debug|Any CPU
		{11B6EA6A-8594-49B6-8E0D-D2F18FC00715}.Debug|Any CPU.Deploy.0 = Debug|Any CPU
		{11B6EA6A-8594-49B6-8E0D-D2F18FC00715}.Release|Any CPU.ActiveCfg = Release|Any CPU
		{11B6EA6A-8594-49B6-8E0D-D2F18FC00715}.Release|Any CPU.Build.0 = Release|Any CPU
		{11B6EA6A-8594-49B6-8E0D-D2F18FC00715}.Release|Any CPU.Deploy.0 = Release|Any CPU
		{BFCE8257-9A07-4C82-AD80-8D0C9FDF5FD7}.Debug|Any CPU.ActiveCfg = Debug|Any CPU
		{BFCE8257-9A07-4C82-AD80-8D0C9FDF5FD7}.Debug|Any CPU.Build.0 = Debug|Any CPU
		{BFCE8257-9A07-4C82-AD80-8D0C9FDF5FD7}.Release|Any CPU.ActiveCfg = Release|Any CPU
		{BFCE8257-9A07-4C82-AD80-8D0C9FDF5FD7}.Release|Any CPU.Build.0 = Release|Any CPU
		{9C176281-249D-4AA7-8EB0-A769BFE73BBB}.Debug|Any CPU.ActiveCfg = Debug|Any CPU
		{9C176281-249D-4AA7-8EB0-A769BFE73BBB}.Debug|Any CPU.Build.0 = Debug|Any CPU
		{9C176281-249D-4AA7-8EB0-A769BFE73BBB}.Release|Any CPU.ActiveCfg = Release|Any CPU
		{9C176281-249D-4AA7-8EB0-A769BFE73BBB}.Release|Any CPU.Build.0 = Release|Any CPU
	EndGlobalSection
	GlobalSection(SolutionProperties) = preSolution
		HideSolutionNode = FALSE
	EndGlobalSection
	GlobalSection(ExtensibilityGlobals) = postSolution
		SolutionGuid = {7192DBB7-0997-4FA4-B70D-A96E1CAF77CA}
	EndGlobalSection
EndGlobal
